
Microsoft Visual Studio Solution File, Format Version 12.00
# Visual Studio 15
VisualStudioVersion = 15.0.28010.2046
MinimumVisualStudioVersion = 10.0.40219.1
Project("{8BC9CEB8-8B4A-11D0-8D11-00A0C91BC942}") = "ConsoleApplication3", "ConsoleApplication3\ConsoleApplication3.vcxproj", "{D2E824FA-3D7E-4F6A-96CA-A6E0336B7D4F}"
EndProject
Global
	GlobalSection(SolutionConfigurationPlatforms) = preSolution
		Debug|x64 = Debug|x64
		Debug|x86 = Debug|x86
		Release|x64 = Release|x64
		Release|x86 = Release|x86
	EndGlobalSection
	GlobalSection(ProjectConfigurationPlatforms) = postSolution
		{D2E824FA-3D7E-4F6A-96CA-A6E0336B7D4F}.Debug|x64.ActiveCfg = Debug|x64
		{D2E824FA-3D7E-4F6A-96CA-A6E0336B7D4F}.Debug|x64.Build.0 = Debug|x64
		{D2E824FA-3D7E-4F6A-96CA-A6E0336B7D4F}.Debug|x86.ActiveCfg = Debug|Win32
		{D2E824FA-3D7E-4F6A-96CA-A6E0336B7D4F}.Debug|x86.Build.0 = Debug|Win32
		{D2E824FA-3D7E-4F6A-96CA-A6E0336B7D4F}.Release|x64.ActiveCfg = Release|x64
		{D2E824FA-3D7E-4F6A-96CA-A6E0336B7D4F}.Release|x64.Build.0 = Release|x64
		{D2E824FA-3D7E-4F6A-96CA-A6E0336B7D4F}.Release|x86.ActiveCfg = Release|Win32
		{D2E824FA-3D7E-4F6A-96CA-A6E0336B7D4F}.Release|x86.Build.0 = Release|Win32
	EndGlobalSection
	GlobalSection(SolutionProperties) = preSolution
		HideSolutionNode = FALSE
	EndGlobalSection
	GlobalSection(ExtensibilityGlobals) = postSolution
		SolutionGuid = {0714164A-BE41-4AF9-A5D8-2B2F9E4EE1F3}
	EndGlobalSection
EndGlobal
