
Microsoft Visual Studio Solution File, Format Version 12.00
# Visual Studio 15
VisualStudioVersion = 15.0.28010.2046
MinimumVisualStudioVersion = 10.0.40219.1
Project("{8BC9CEB8-8B4A-11D0-8D11-00A0C91BC942}") = "Zad1", "Zad1\Zad1.vcxproj", "{8C3C1F18-81F5-4EC9-9041-D95F004D7FFD}"
EndProject
Global
	GlobalSection(SolutionConfigurationPlatforms) = preSolution
		Debug|x64 = Debug|x64
		Debug|x86 = Debug|x86
		Release|x64 = Release|x64
		Release|x86 = Release|x86
	EndGlobalSection
	GlobalSection(ProjectConfigurationPlatforms) = postSolution
		{8C3C1F18-81F5-4EC9-9041-D95F004D7FFD}.Debug|x64.ActiveCfg = Debug|x64
		{8C3C1F18-81F5-4EC9-9041-D95F004D7FFD}.Debug|x64.Build.0 = Debug|x64
		{8C3C1F18-81F5-4EC9-9041-D95F004D7FFD}.Debug|x86.ActiveCfg = Debug|Win32
		{8C3C1F18-81F5-4EC9-9041-D95F004D7FFD}.Debug|x86.Build.0 = Debug|Win32
		{8C3C1F18-81F5-4EC9-9041-D95F004D7FFD}.Release|x64.ActiveCfg = Release|x64
		{8C3C1F18-81F5-4EC9-9041-D95F004D7FFD}.Release|x64.Build.0 = Release|x64
		{8C3C1F18-81F5-4EC9-9041-D95F004D7FFD}.Release|x86.ActiveCfg = Release|Win32
		{8C3C1F18-81F5-4EC9-9041-D95F004D7FFD}.Release|x86.Build.0 = Release|Win32
	EndGlobalSection
	GlobalSection(SolutionProperties) = preSolution
		HideSolutionNode = FALSE
	EndGlobalSection
	GlobalSection(ExtensibilityGlobals) = postSolution
		SolutionGuid = {B4A5D4A8-8B98-4DCD-8814-E949F52BBFD9}
	EndGlobalSection
EndGlobal
