
Microsoft Visual Studio Solution File, Format Version 12.00
# Visual Studio 15
VisualStudioVersion = 15.0.28010.2046
MinimumVisualStudioVersion = 10.0.40219.1
Project("{8BC9CEB8-8B4A-11D0-8D11-00A0C91BC942}") = "ConsoleApplication2", "ConsoleApplication2\ConsoleApplication2.vcxproj", "{6618523D-6D32-4FC1-B0EA-7A3ACF36DE1A}"
EndProject
Global
	GlobalSection(SolutionConfigurationPlatforms) = preSolution
		Debug|x64 = Debug|x64
		Debug|x86 = Debug|x86
		Release|x64 = Release|x64
		Release|x86 = Release|x86
	EndGlobalSection
	GlobalSection(ProjectConfigurationPlatforms) = postSolution
		{6618523D-6D32-4FC1-B0EA-7A3ACF36DE1A}.Debug|x64.ActiveCfg = Debug|x64
		{6618523D-6D32-4FC1-B0EA-7A3ACF36DE1A}.Debug|x64.Build.0 = Debug|x64
		{6618523D-6D32-4FC1-B0EA-7A3ACF36DE1A}.Debug|x86.ActiveCfg = Debug|Win32
		{6618523D-6D32-4FC1-B0EA-7A3ACF36DE1A}.Debug|x86.Build.0 = Debug|Win32
		{6618523D-6D32-4FC1-B0EA-7A3ACF36DE1A}.Release|x64.ActiveCfg = Release|x64
		{6618523D-6D32-4FC1-B0EA-7A3ACF36DE1A}.Release|x64.Build.0 = Release|x64
		{6618523D-6D32-4FC1-B0EA-7A3ACF36DE1A}.Release|x86.ActiveCfg = Release|Win32
		{6618523D-6D32-4FC1-B0EA-7A3ACF36DE1A}.Release|x86.Build.0 = Release|Win32
	EndGlobalSection
	GlobalSection(SolutionProperties) = preSolution
		HideSolutionNode = FALSE
	EndGlobalSection
	GlobalSection(ExtensibilityGlobals) = postSolution
		SolutionGuid = {F497CB97-DE30-46BA-8F7C-4E3B2EEEAEF4}
	EndGlobalSection
EndGlobal
