
Microsoft Visual Studio Solution File, Format Version 12.00
# Visual Studio 15
VisualStudioVersion = 15.0.28010.2046
MinimumVisualStudioVersion = 10.0.40219.1
Project("{8BC9CEB8-8B4A-11D0-8D11-00A0C91BC942}") = "SZACHY", "SZACHY\SZACHY.vcxproj", "{D75D7EA1-DDF1-4FC4-A500-CB97195B3EFC}"
EndProject
Global
	GlobalSection(SolutionConfigurationPlatforms) = preSolution
		Debug|x64 = Debug|x64
		Debug|x86 = Debug|x86
		Release|x64 = Release|x64
		Release|x86 = Release|x86
	EndGlobalSection
	GlobalSection(ProjectConfigurationPlatforms) = postSolution
		{D75D7EA1-DDF1-4FC4-A500-CB97195B3EFC}.Debug|x64.ActiveCfg = Debug|x64
		{D75D7EA1-DDF1-4FC4-A500-CB97195B3EFC}.Debug|x64.Build.0 = Debug|x64
		{D75D7EA1-DDF1-4FC4-A500-CB97195B3EFC}.Debug|x86.ActiveCfg = Debug|Win32
		{D75D7EA1-DDF1-4FC4-A500-CB97195B3EFC}.Debug|x86.Build.0 = Debug|Win32
		{D75D7EA1-DDF1-4FC4-A500-CB97195B3EFC}.Release|x64.ActiveCfg = Release|x64
		{D75D7EA1-DDF1-4FC4-A500-CB97195B3EFC}.Release|x64.Build.0 = Release|x64
		{D75D7EA1-DDF1-4FC4-A500-CB97195B3EFC}.Release|x86.ActiveCfg = Release|Win32
		{D75D7EA1-DDF1-4FC4-A500-CB97195B3EFC}.Release|x86.Build.0 = Release|Win32
	EndGlobalSection
	GlobalSection(SolutionProperties) = preSolution
		HideSolutionNode = FALSE
	EndGlobalSection
	GlobalSection(ExtensibilityGlobals) = postSolution
		SolutionGuid = {C3BA8A60-F01D-4130-96DE-AA6D29A1D72D}
	EndGlobalSection
EndGlobal
